{
  "name": "jst",
  "version": "1.0.0",
  "lockfileVersion": 2,
  "requires": true,
  "packages": {
    "": {
      "version": "1.0.0",
      "license": "GPL-3.0",
      "dependencies": {
        "config": "github:SKYCRATE-ltd/config",
        "sys": "github:SKYCRATE-ltd/sys"
      }
    },
    "node_modules/config": {
      "version": "1.0.0",
      "resolved": "git+ssh://git@github.com/SKYCRATE-ltd/config.git#055e7e5159b43622a82baa0a56cb4ac0e8f26c5b",
      "license": "GPL-3.0",
      "dependencies": {
        "sys": "github:SKYCRATE-ltd/sys"
      }
    },
    "node_modules/sys": {
      "version": "1.0.0",
      "resolved": "git+ssh://git@github.com/SKYCRATE-ltd/sys.git#9a0f7922d1067e06fc291d3a2da73e8a2ba98ae1",
      "license": "GPL-3.0"
    }
  },
  "dependencies": {
    "config": {
      "version": "git+ssh://git@github.com/SKYCRATE-ltd/config.git#055e7e5159b43622a82baa0a56cb4ac0e8f26c5b",
      "from": "config@github:SKYCRATE-ltd/config",
      "requires": {
        "sys": "github:SKYCRATE-ltd/sys"
      }
    },
    "sys": {
      "version": "git+ssh://git@github.com/SKYCRATE-ltd/sys.git#9a0f7922d1067e06fc291d3a2da73e8a2ba98ae1",
      "from": "sys@github:SKYCRATE-ltd/sys"
    }
  }
}
